
Microsoft Visual Studio Solution File, Format Version 12.00
Project("{FAE04EC0-301F-11D3-BF4B-00C04F79EFBC}") = "RekomBackend", "RekomBackend.csproj", "{32D9BA6D-52CA-4079-BC45-4923A840FC60}"
EndProject
Global
	GlobalSection(SolutionConfigurationPlatforms) = preSolution
		Debug|Any CPU = Debug|Any CPU
		Release|Any CPU = Release|Any CPU
	EndGlobalSection
	GlobalSection(ProjectConfigurationPlatforms) = postSolution
		{32D9BA6D-52CA-4079-BC45-4923A840FC60}.Debug|Any CPU.ActiveCfg = Debug|Any CPU
		{32D9BA6D-52CA-4079-BC45-4923A840FC60}.Debug|Any CPU.Build.0 = Debug|Any CPU
		{32D9BA6D-52CA-4079-BC45-4923A840FC60}.Release|Any CPU.ActiveCfg = Release|Any CPU
		{32D9BA6D-52CA-4079-BC45-4923A840FC60}.Release|Any CPU.Build.0 = Release|Any CPU
	EndGlobalSection
EndGlobal
